// !$*UTF8*$!
{
	archiveVersion = 1;
	classes = {
	};
	objectVersion = 55;
	objects = {

/* Begin PBXBuildFile section */
		4C243ABD2842F6C1007C31E0 /* Extensions.swift in Sources */ = {isa = PBXBuildFile; fileRef = 4C243ABC2842F6C1007C31E0 /* Extensions.swift */; };
		4C243ABF2842F705007C31E0 /* Protocols.swift in Sources */ = {isa = PBXBuildFile; fileRef = 4C243ABE2842F705007C31E0 /* Protocols.swift */; };
		4C27F020283B045E00BA2869 /* SearchView.swift in Sources */ = {isa = PBXBuildFile; fileRef = 4C27F01F283B045E00BA2869 /* SearchView.swift */; };
		4C27F022283B1C0500BA2869 /* SearchViewModel.swift in Sources */ = {isa = PBXBuildFile; fileRef = 4C27F021283B1C0500BA2869 /* SearchViewModel.swift */; };
		4C34D1D82845D88500BF1704 /* BreweryService.swift in Sources */ = {isa = PBXBuildFile; fileRef = 4C34D1D72845D88500BF1704 /* BreweryService.swift */; };
		4C34D1DA2845DB3300BF1704 /* LocationBasedSearchService.swift in Sources */ = {isa = PBXBuildFile; fileRef = 4C34D1D92845DB3300BF1704 /* LocationBasedSearchService.swift */; };
		4C34D1DC2845DBBF00BF1704 /* Brewery.swift in Sources */ = {isa = PBXBuildFile; fileRef = 4C34D1DB2845DBBF00BF1704 /* Brewery.swift */; };
		4C4EFBA8283AECB800423E17 /* LocalSearchAdapter.swift in Sources */ = {isa = PBXBuildFile; fileRef = 4C4EFBA7283AECB800423E17 /* LocalSearchAdapter.swift */; };
		4C4EFBAA283AEEA200423E17 /* LocationService.swift in Sources */ = {isa = PBXBuildFile; fileRef = 4C4EFBA9283AEEA200423E17 /* LocationService.swift */; };
		4C4EFBAC283AF11B00423E17 /* User.swift in Sources */ = {isa = PBXBuildFile; fileRef = 4C4EFBAB283AF11B00423E17 /* User.swift */; };
		4C4EFBB1283AF94400423E17 /* LoginView.swift in Sources */ = {isa = PBXBuildFile; fileRef = 4C4EFBB0283AF94400423E17 /* LoginView.swift */; };
		4C4EFBB3283AFDAB00423E17 /* AppManager.swift in Sources */ = {isa = PBXBuildFile; fileRef = 4C4EFBB2283AFDAB00423E17 /* AppManager.swift */; };
		4C9485882839DEAE00CDD450 /* MegaMapApp.swift in Sources */ = {isa = PBXBuildFile; fileRef = 4C9485872839DEAE00CDD450 /* MegaMapApp.swift */; };
		4C94858A2839DEAE00CDD450 /* ContentView.swift in Sources */ = {isa = PBXBuildFile; fileRef = 4C9485892839DEAE00CDD450 /* ContentView.swift */; };
		4C94858C2839DEB100CDD450 /* Assets.xcassets in Resources */ = {isa = PBXBuildFile; fileRef = 4C94858B2839DEB100CDD450 /* Assets.xcassets */; };
		4C94858F2839DEB100CDD450 /* Preview Assets.xcassets in Resources */ = {isa = PBXBuildFile; fileRef = 4C94858E2839DEB100CDD450 /* Preview Assets.xcassets */; };
		4C9485992839DEB200CDD450 /* MegaMapTests.swift in Sources */ = {isa = PBXBuildFile; fileRef = 4C9485982839DEB200CDD450 /* MegaMapTests.swift */; };
		4C9485A32839DEB200CDD450 /* MegaMapUITests.swift in Sources */ = {isa = PBXBuildFile; fileRef = 4C9485A22839DEB200CDD450 /* MegaMapUITests.swift */; };
		4C9485A52839DEB200CDD450 /* MegaMapUITestsLaunchTests.swift in Sources */ = {isa = PBXBuildFile; fileRef = 4C9485A42839DEB200CDD450 /* MegaMapUITestsLaunchTests.swift */; };
		4C9485B62839DFCC00CDD450 /* CoreLocationUI.framework in Frameworks */ = {isa = PBXBuildFile; fileRef = 4C9485B42839DFCC00CDD450 /* CoreLocationUI.framework */; };
		4C9485B72839DFCC00CDD450 /* CoreLocation.framework in Frameworks */ = {isa = PBXBuildFile; fileRef = 4C9485B52839DFCC00CDD450 /* CoreLocation.framework */; };
		4C9485B92839DFD300CDD450 /* MapKit.framework in Frameworks */ = {isa = PBXBuildFile; fileRef = 4C9485B82839DFD300CDD450 /* MapKit.framework */; };
		4CF0056A284417640089F325 /* SearchResultsView.swift in Sources */ = {isa = PBXBuildFile; fileRef = 4CF00569284417640089F325 /* SearchResultsView.swift */; };
		4CF0056C284417710089F325 /* SearchResultsListView.swift in Sources */ = {isa = PBXBuildFile; fileRef = 4CF0056B284417710089F325 /* SearchResultsListView.swift */; };
		4CF0056E284418760089F325 /* MapSearchResultsViewModel.swift in Sources */ = {isa = PBXBuildFile; fileRef = 4CF0056D284418760089F325 /* MapSearchResultsViewModel.swift */; };
		4CF0057028441A810089F325 /* MapSearchResultsView.swift in Sources */ = {isa = PBXBuildFile; fileRef = 4CF0056F28441A810089F325 /* MapSearchResultsView.swift */; };
		4CF00572284420DD0089F325 /* PlaceSearchResultsListView.swift in Sources */ = {isa = PBXBuildFile; fileRef = 4CF00571284420DD0089F325 /* PlaceSearchResultsListView.swift */; };
		4CF005742844234C0089F325 /* Place.swift in Sources */ = {isa = PBXBuildFile; fileRef = 4CF005732844234C0089F325 /* Place.swift */; };
/* End PBXBuildFile section */

/* Begin PBXContainerItemProxy section */
		4C9485952839DEB200CDD450 /* PBXContainerItemProxy */ = {
			isa = PBXContainerItemProxy;
			containerPortal = 4C94857C2839DEAE00CDD450 /* Project object */;
			proxyType = 1;
			remoteGlobalIDString = 4C9485832839DEAE00CDD450;
			remoteInfo = MegaMap;
		};
		4C94859F2839DEB200CDD450 /* PBXContainerItemProxy */ = {
			isa = PBXContainerItemProxy;
			containerPortal = 4C94857C2839DEAE00CDD450 /* Project object */;
			proxyType = 1;
			remoteGlobalIDString = 4C9485832839DEAE00CDD450;
			remoteInfo = MegaMap;
		};
/* End PBXContainerItemProxy section */

/* Begin PBXFileReference section */
		4C243ABC2842F6C1007C31E0 /* Extensions.swift */ = {isa = PBXFileReference; lastKnownFileType = sourcecode.swift; path = Extensions.swift; sourceTree = "<group>"; };
		4C243ABE2842F705007C31E0 /* Protocols.swift */ = {isa = PBXFileReference; lastKnownFileType = sourcecode.swift; path = Protocols.swift; sourceTree = "<group>"; };
		4C27F01F283B045E00BA2869 /* SearchView.swift */ = {isa = PBXFileReference; lastKnownFileType = sourcecode.swift; path = SearchView.swift; sourceTree = "<group>"; };
		4C27F021283B1C0500BA2869 /* SearchViewModel.swift */ = {isa = PBXFileReference; lastKnownFileType = sourcecode.swift; path = SearchViewModel.swift; sourceTree = "<group>"; };
		4C34D1D72845D88500BF1704 /* BreweryService.swift */ = {isa = PBXFileReference; lastKnownFileType = sourcecode.swift; path = BreweryService.swift; sourceTree = "<group>"; };
		4C34D1D92845DB3300BF1704 /* LocationBasedSearchService.swift */ = {isa = PBXFileReference; lastKnownFileType = sourcecode.swift; path = LocationBasedSearchService.swift; sourceTree = "<group>"; };
		4C34D1DB2845DBBF00BF1704 /* Brewery.swift */ = {isa = PBXFileReference; lastKnownFileType = sourcecode.swift; path = Brewery.swift; sourceTree = "<group>"; };
		4C4EFBA7283AECB800423E17 /* LocalSearchAdapter.swift */ = {isa = PBXFileReference; lastKnownFileType = sourcecode.swift; path = LocalSearchAdapter.swift; sourceTree = "<group>"; };
		4C4EFBA9283AEEA200423E17 /* LocationService.swift */ = {isa = PBXFileReference; lastKnownFileType = sourcecode.swift; path = LocationService.swift; sourceTree = "<group>"; };
		4C4EFBAB283AF11B00423E17 /* User.swift */ = {isa = PBXFileReference; lastKnownFileType = sourcecode.swift; path = User.swift; sourceTree = "<group>"; };
		4C4EFBB0283AF94400423E17 /* LoginView.swift */ = {isa = PBXFileReference; lastKnownFileType = sourcecode.swift; path = LoginView.swift; sourceTree = "<group>"; };
		4C4EFBB2283AFDAB00423E17 /* AppManager.swift */ = {isa = PBXFileReference; lastKnownFileType = sourcecode.swift; path = AppManager.swift; sourceTree = "<group>"; };
		4C9485842839DEAE00CDD450 /* MegaMap.app */ = {isa = PBXFileReference; explicitFileType = wrapper.application; includeInIndex = 0; path = MegaMap.app; sourceTree = BUILT_PRODUCTS_DIR; };
		4C9485872839DEAE00CDD450 /* MegaMapApp.swift */ = {isa = PBXFileReference; lastKnownFileType = sourcecode.swift; path = MegaMapApp.swift; sourceTree = "<group>"; };
		4C9485892839DEAE00CDD450 /* ContentView.swift */ = {isa = PBXFileReference; lastKnownFileType = sourcecode.swift; path = ContentView.swift; sourceTree = "<group>"; };
		4C94858B2839DEB100CDD450 /* Assets.xcassets */ = {isa = PBXFileReference; lastKnownFileType = folder.assetcatalog; path = Assets.xcassets; sourceTree = "<group>"; };
		4C94858E2839DEB100CDD450 /* Preview Assets.xcassets */ = {isa = PBXFileReference; lastKnownFileType = folder.assetcatalog; path = "Preview Assets.xcassets"; sourceTree = "<group>"; };
		4C9485942839DEB200CDD450 /* MegaMapTests.xctest */ = {isa = PBXFileReference; explicitFileType = wrapper.cfbundle; includeInIndex = 0; path = MegaMapTests.xctest; sourceTree = BUILT_PRODUCTS_DIR; };
		4C9485982839DEB200CDD450 /* MegaMapTests.swift */ = {isa = PBXFileReference; lastKnownFileType = sourcecode.swift; path = MegaMapTests.swift; sourceTree = "<group>"; };
		4C94859E2839DEB200CDD450 /* MegaMapUITests.xctest */ = {isa = PBXFileReference; explicitFileType = wrapper.cfbundle; includeInIndex = 0; path = MegaMapUITests.xctest; sourceTree = BUILT_PRODUCTS_DIR; };
		4C9485A22839DEB200CDD450 /* MegaMapUITests.swift */ = {isa = PBXFileReference; lastKnownFileType = sourcecode.swift; path = MegaMapUITests.swift; sourceTree = "<group>"; };
		4C9485A42839DEB200CDD450 /* MegaMapUITestsLaunchTests.swift */ = {isa = PBXFileReference; lastKnownFileType = sourcecode.swift; path = MegaMapUITestsLaunchTests.swift; sourceTree = "<group>"; };
		4C9485B42839DFCC00CDD450 /* CoreLocationUI.framework */ = {isa = PBXFileReference; lastKnownFileType = wrapper.framework; name = CoreLocationUI.framework; path = System/Library/Frameworks/CoreLocationUI.framework; sourceTree = SDKROOT; };
		4C9485B52839DFCC00CDD450 /* CoreLocation.framework */ = {isa = PBXFileReference; lastKnownFileType = wrapper.framework; name = CoreLocation.framework; path = System/Library/Frameworks/CoreLocation.framework; sourceTree = SDKROOT; };
		4C9485B82839DFD300CDD450 /* MapKit.framework */ = {isa = PBXFileReference; lastKnownFileType = wrapper.framework; name = MapKit.framework; path = System/Library/Frameworks/MapKit.framework; sourceTree = SDKROOT; };
		4CF00569284417640089F325 /* SearchResultsView.swift */ = {isa = PBXFileReference; lastKnownFileType = sourcecode.swift; path = SearchResultsView.swift; sourceTree = "<group>"; };
		4CF0056B284417710089F325 /* SearchResultsListView.swift */ = {isa = PBXFileReference; lastKnownFileType = sourcecode.swift; path = SearchResultsListView.swift; sourceTree = "<group>"; };
		4CF0056D284418760089F325 /* MapSearchResultsViewModel.swift */ = {isa = PBXFileReference; lastKnownFileType = sourcecode.swift; path = MapSearchResultsViewModel.swift; sourceTree = "<group>"; };
		4CF0056F28441A810089F325 /* MapSearchResultsView.swift */ = {isa = PBXFileReference; lastKnownFileType = sourcecode.swift; path = MapSearchResultsView.swift; sourceTree = "<group>"; };
		4CF00571284420DD0089F325 /* PlaceSearchResultsListView.swift */ = {isa = PBXFileReference; lastKnownFileType = sourcecode.swift; path = PlaceSearchResultsListView.swift; sourceTree = "<group>"; };
		4CF005732844234C0089F325 /* Place.swift */ = {isa = PBXFileReference; lastKnownFileType = sourcecode.swift; path = Place.swift; sourceTree = "<group>"; };
/* End PBXFileReference section */

/* Begin PBXFrameworksBuildPhase section */
		4C9485812839DEAE00CDD450 /* Frameworks */ = {
			isa = PBXFrameworksBuildPhase;
			buildActionMask = 2147483647;
			files = (
				4C9485B92839DFD300CDD450 /* MapKit.framework in Frameworks */,
				4C9485B62839DFCC00CDD450 /* CoreLocationUI.framework in Frameworks */,
				4C9485B72839DFCC00CDD450 /* CoreLocation.framework in Frameworks */,
			);
			runOnlyForDeploymentPostprocessing = 0;
		};
		4C9485912839DEB200CDD450 /* Frameworks */ = {
			isa = PBXFrameworksBuildPhase;
			buildActionMask = 2147483647;
			files = (
			);
			runOnlyForDeploymentPostprocessing = 0;
		};
		4C94859B2839DEB200CDD450 /* Frameworks */ = {
			isa = PBXFrameworksBuildPhase;
			buildActionMask = 2147483647;
			files = (
			);
			runOnlyForDeploymentPostprocessing = 0;
		};
/* End PBXFrameworksBuildPhase section */

/* Begin PBXGroup section */
		4C4EFBAD283AF12700423E17 /* Models */ = {
			isa = PBXGroup;
			children = (
				4C4EFBAB283AF11B00423E17 /* User.swift */,
				4C4EFBB2283AFDAB00423E17 /* AppManager.swift */,
				4C243ABE2842F705007C31E0 /* Protocols.swift */,
				4CF005732844234C0089F325 /* Place.swift */,
				4C34D1D92845DB3300BF1704 /* LocationBasedSearchService.swift */,
				4C34D1DB2845DBBF00BF1704 /* Brewery.swift */,
			);
			path = Models;
			sourceTree = "<group>";
		};
		4C4EFBAE283AF13300423E17 /* UI */ = {
			isa = PBXGroup;
			children = (
				4C9485872839DEAE00CDD450 /* MegaMapApp.swift */,
				4C9485892839DEAE00CDD450 /* ContentView.swift */,
				4C4EFBB0283AF94400423E17 /* LoginView.swift */,
				4CF005772844272A0089F325 /* Search */,
			);
			path = UI;
			sourceTree = "<group>";
		};
		4C4EFBAF283AF14900423E17 /* Helpers */ = {
			isa = PBXGroup;
			children = (
				4C4EFBA7283AECB800423E17 /* LocalSearchAdapter.swift */,
				4C4EFBA9283AEEA200423E17 /* LocationService.swift */,
				4C243ABC2842F6C1007C31E0 /* Extensions.swift */,
				4C34D1D72845D88500BF1704 /* BreweryService.swift */,
			);
			path = Helpers;
			sourceTree = "<group>";
		};
		4C94857B2839DEAE00CDD450 = {
			isa = PBXGroup;
			children = (
				4C9485862839DEAE00CDD450 /* MegaMap */,
				4C9485972839DEB200CDD450 /* MegaMapTests */,
				4C9485A12839DEB200CDD450 /* MegaMapUITests */,
				4C9485852839DEAE00CDD450 /* Products */,
				4C9485B32839DFCC00CDD450 /* Frameworks */,
			);
			sourceTree = "<group>";
		};
		4C9485852839DEAE00CDD450 /* Products */ = {
			isa = PBXGroup;
			children = (
				4C9485842839DEAE00CDD450 /* MegaMap.app */,
				4C9485942839DEB200CDD450 /* MegaMapTests.xctest */,
				4C94859E2839DEB200CDD450 /* MegaMapUITests.xctest */,
			);
			name = Products;
			sourceTree = "<group>";
		};
		4C9485862839DEAE00CDD450 /* MegaMap */ = {
			isa = PBXGroup;
			children = (
				4C94858B2839DEB100CDD450 /* Assets.xcassets */,
				4C94858D2839DEB100CDD450 /* Preview Content */,
				4C4EFBAE283AF13300423E17 /* UI */,
				4C4EFBAD283AF12700423E17 /* Models */,
				4C4EFBAF283AF14900423E17 /* Helpers */,
			);
			path = MegaMap;
			sourceTree = "<group>";
		};
		4C94858D2839DEB100CDD450 /* Preview Content */ = {
			isa = PBXGroup;
			children = (
				4C94858E2839DEB100CDD450 /* Preview Assets.xcassets */,
			);
			path = "Preview Content";
			sourceTree = "<group>";
		};
		4C9485972839DEB200CDD450 /* MegaMapTests */ = {
			isa = PBXGroup;
			children = (
				4C9485982839DEB200CDD450 /* MegaMapTests.swift */,
			);
			path = MegaMapTests;
			sourceTree = "<group>";
		};
		4C9485A12839DEB200CDD450 /* MegaMapUITests */ = {
			isa = PBXGroup;
			children = (
				4C9485A22839DEB200CDD450 /* MegaMapUITests.swift */,
				4C9485A42839DEB200CDD450 /* MegaMapUITestsLaunchTests.swift */,
			);
			path = MegaMapUITests;
			sourceTree = "<group>";
		};
		4C9485B32839DFCC00CDD450 /* Frameworks */ = {
			isa = PBXGroup;
			children = (
				4C9485B82839DFD300CDD450 /* MapKit.framework */,
				4C9485B52839DFCC00CDD450 /* CoreLocation.framework */,
				4C9485B42839DFCC00CDD450 /* CoreLocationUI.framework */,
			);
			name = Frameworks;
			sourceTree = "<group>";
		};
		4CF00575284427140089F325 /* SearchResults */ = {
			isa = PBXGroup;
			children = (
				4CF00569284417640089F325 /* SearchResultsView.swift */,
				4CF0056B284417710089F325 /* SearchResultsListView.swift */,
				4CF005762844271D0089F325 /* Map */,
			);
			path = SearchResults;
			sourceTree = "<group>";
		};
		4CF005762844271D0089F325 /* Map */ = {
			isa = PBXGroup;
			children = (
				4CF0056D284418760089F325 /* MapSearchResultsViewModel.swift */,
				4CF0056F28441A810089F325 /* MapSearchResultsView.swift */,
			);
			path = Map;
			sourceTree = "<group>";
		};
		4CF005772844272A0089F325 /* Search */ = {
			isa = PBXGroup;
			children = (
				4CF00575284427140089F325 /* SearchResults */,
				4CF00571284420DD0089F325 /* PlaceSearchResultsListView.swift */,
				4C27F01F283B045E00BA2869 /* SearchView.swift */,
				4C27F021283B1C0500BA2869 /* SearchViewModel.swift */,
			);
			path = Search;
			sourceTree = "<group>";
		};
/* End PBXGroup section */

/* Begin PBXNativeTarget section */
		4C9485832839DEAE00CDD450 /* MegaMap */ = {
			isa = PBXNativeTarget;
			buildConfigurationList = 4C9485A82839DEB200CDD450 /* Build configuration list for PBXNativeTarget "MegaMap" */;
			buildPhases = (
				4C9485802839DEAE00CDD450 /* Sources */,
				4C9485812839DEAE00CDD450 /* Frameworks */,
				4C9485822839DEAE00CDD450 /* Resources */,
			);
			buildRules = (
			);
			dependencies = (
			);
			name = MegaMap;
			productName = MegaMap;
			productReference = 4C9485842839DEAE00CDD450 /* MegaMap.app */;
			productType = "com.apple.product-type.application";
		};
		4C9485932839DEB200CDD450 /* MegaMapTests */ = {
			isa = PBXNativeTarget;
			buildConfigurationList = 4C9485AB2839DEB200CDD450 /* Build configuration list for PBXNativeTarget "MegaMapTests" */;
			buildPhases = (
				4C9485902839DEB200CDD450 /* Sources */,
				4C9485912839DEB200CDD450 /* Frameworks */,
				4C9485922839DEB200CDD450 /* Resources */,
			);
			buildRules = (
			);
			dependencies = (
				4C9485962839DEB200CDD450 /* PBXTargetDependency */,
			);
			name = MegaMapTests;
			productName = MegaMapTests;
			productReference = 4C9485942839DEB200CDD450 /* MegaMapTests.xctest */;
			productType = "com.apple.product-type.bundle.unit-test";
		};
		4C94859D2839DEB200CDD450 /* MegaMapUITests */ = {
			isa = PBXNativeTarget;
			buildConfigurationList = 4C9485AE2839DEB200CDD450 /* Build configuration list for PBXNativeTarget "MegaMapUITests" */;
			buildPhases = (
				4C94859A2839DEB200CDD450 /* Sources */,
				4C94859B2839DEB200CDD450 /* Frameworks */,
				4C94859C2839DEB200CDD450 /* Resources */,
			);
			buildRules = (
			);
			dependencies = (
				4C9485A02839DEB200CDD450 /* PBXTargetDependency */,
			);
			name = MegaMapUITests;
			productName = MegaMapUITests;
			productReference = 4C94859E2839DEB200CDD450 /* MegaMapUITests.xctest */;
			productType = "com.apple.product-type.bundle.ui-testing";
		};
/* End PBXNativeTarget section */

/* Begin PBXProject section */
		4C94857C2839DEAE00CDD450 /* Project object */ = {
			isa = PBXProject;
			attributes = {
				BuildIndependentTargetsInParallel = 1;
				LastSwiftUpdateCheck = 1310;
				LastUpgradeCheck = 1310;
				TargetAttributes = {
					4C9485832839DEAE00CDD450 = {
						CreatedOnToolsVersion = 13.1;
					};
					4C9485932839DEB200CDD450 = {
						CreatedOnToolsVersion = 13.1;
						TestTargetID = 4C9485832839DEAE00CDD450;
					};
					4C94859D2839DEB200CDD450 = {
						CreatedOnToolsVersion = 13.1;
						TestTargetID = 4C9485832839DEAE00CDD450;
					};
				};
			};
			buildConfigurationList = 4C94857F2839DEAE00CDD450 /* Build configuration list for PBXProject "MegaMap" */;
			compatibilityVersion = "Xcode 13.0";
			developmentRegion = en;
			hasScannedForEncodings = 0;
			knownRegions = (
				en,
				Base,
			);
			mainGroup = 4C94857B2839DEAE00CDD450;
			productRefGroup = 4C9485852839DEAE00CDD450 /* Products */;
			projectDirPath = "";
			projectRoot = "";
			targets = (
				4C9485832839DEAE00CDD450 /* MegaMap */,
				4C9485932839DEB200CDD450 /* MegaMapTests */,
				4C94859D2839DEB200CDD450 /* MegaMapUITests */,
			);
		};
/* End PBXProject section */

/* Begin PBXResourcesBuildPhase section */
		4C9485822839DEAE00CDD450 /* Resources */ = {
			isa = PBXResourcesBuildPhase;
			buildActionMask = 2147483647;
			files = (
				4C94858F2839DEB100CDD450 /* Preview Assets.xcassets in Resources */,
				4C94858C2839DEB100CDD450 /* Assets.xcassets in Resources */,
			);
			runOnlyForDeploymentPostprocessing = 0;
		};
		4C9485922839DEB200CDD450 /* Resources */ = {
			isa = PBXResourcesBuildPhase;
			buildActionMask = 2147483647;
			files = (
			);
			runOnlyForDeploymentPostprocessing = 0;
		};
		4C94859C2839DEB200CDD450 /* Resources */ = {
			isa = PBXResourcesBuildPhase;
			buildActionMask = 2147483647;
			files = (
			);
			runOnlyForDeploymentPostprocessing = 0;
		};
/* End PBXResourcesBuildPhase section */

/* Begin PBXSourcesBuildPhase section */
		4C9485802839DEAE00CDD450 /* Sources */ = {
			isa = PBXSourcesBuildPhase;
			buildActionMask = 2147483647;
			files = (
				4CF0057028441A810089F325 /* MapSearchResultsView.swift in Sources */,
				4CF005742844234C0089F325 /* Place.swift in Sources */,
				4C27F022283B1C0500BA2869 /* SearchViewModel.swift in Sources */,
				4C27F020283B045E00BA2869 /* SearchView.swift in Sources */,
				4C94858A2839DEAE00CDD450 /* ContentView.swift in Sources */,
				4CF00572284420DD0089F325 /* PlaceSearchResultsListView.swift in Sources */,
				4CF0056E284418760089F325 /* MapSearchResultsViewModel.swift in Sources */,
				4C4EFBA8283AECB800423E17 /* LocalSearchAdapter.swift in Sources */,
				4C34D1DC2845DBBF00BF1704 /* Brewery.swift in Sources */,
				4C9485882839DEAE00CDD450 /* MegaMapApp.swift in Sources */,
				4C4EFBAA283AEEA200423E17 /* LocationService.swift in Sources */,
				4C243ABD2842F6C1007C31E0 /* Extensions.swift in Sources */,
				4C34D1DA2845DB3300BF1704 /* LocationBasedSearchService.swift in Sources */,
				4C34D1D82845D88500BF1704 /* BreweryService.swift in Sources */,
				4CF0056A284417640089F325 /* SearchResultsView.swift in Sources */,
				4CF0056C284417710089F325 /* SearchResultsListView.swift in Sources */,
				4C243ABF2842F705007C31E0 /* Protocols.swift in Sources */,
				4C4EFBB3283AFDAB00423E17 /* AppManager.swift in Sources */,
				4C4EFBB1283AF94400423E17 /* LoginView.swift in Sources */,
				4C4EFBAC283AF11B00423E17 /* User.swift in Sources */,
			);
			runOnlyForDeploymentPostprocessing = 0;
		};
		4C9485902839DEB200CDD450 /* Sources */ = {
			isa = PBXSourcesBuildPhase;
			buildActionMask = 2147483647;
			files = (
				4C9485992839DEB200CDD450 /* MegaMapTests.swift in Sources */,
			);
			runOnlyForDeploymentPostprocessing = 0;
		};
		4C94859A2839DEB200CDD450 /* Sources */ = {
			isa = PBXSourcesBuildPhase;
			buildActionMask = 2147483647;
			files = (
				4C9485A32839DEB200CDD450 /* MegaMapUITests.swift in Sources */,
				4C9485A52839DEB200CDD450 /* MegaMapUITestsLaunchTests.swift in Sources */,
			);
			runOnlyForDeploymentPostprocessing = 0;
		};
/* End PBXSourcesBuildPhase section */

/* Begin PBXTargetDependency section */
		4C9485962839DEB200CDD450 /* PBXTargetDependency */ = {
			isa = PBXTargetDependency;
			target = 4C9485832839DEAE00CDD450 /* MegaMap */;
			targetProxy = 4C9485952839DEB200CDD450 /* PBXContainerItemProxy */;
		};
		4C9485A02839DEB200CDD450 /* PBXTargetDependency */ = {
			isa = PBXTargetDependency;
			target = 4C9485832839DEAE00CDD450 /* MegaMap */;
			targetProxy = 4C94859F2839DEB200CDD450 /* PBXContainerItemProxy */;
		};
/* End PBXTargetDependency section */

/* Begin XCBuildConfiguration section */
		4C9485A62839DEB200CDD450 /* Debug */ = {
			isa = XCBuildConfiguration;
			buildSettings = {
				ALWAYS_SEARCH_USER_PATHS = NO;
				CLANG_ANALYZER_NONNULL = YES;
				CLANG_ANALYZER_NUMBER_OBJECT_CONVERSION = YES_AGGRESSIVE;
				CLANG_CXX_LANGUAGE_STANDARD = "gnu++17";
				CLANG_CXX_LIBRARY = "libc++";
				CLANG_ENABLE_MODULES = YES;
				CLANG_ENABLE_OBJC_ARC = YES;
				CLANG_ENABLE_OBJC_WEAK = YES;
				CLANG_WARN_BLOCK_CAPTURE_AUTORELEASING = YES;
				CLANG_WARN_BOOL_CONVERSION = YES;
				CLANG_WARN_COMMA = YES;
				CLANG_WARN_CONSTANT_CONVERSION = YES;
				CLANG_WARN_DEPRECATED_OBJC_IMPLEMENTATIONS = YES;
				CLANG_WARN_DIRECT_OBJC_ISA_USAGE = YES_ERROR;
				CLANG_WARN_DOCUMENTATION_COMMENTS = YES;
				CLANG_WARN_EMPTY_BODY = YES;
				CLANG_WARN_ENUM_CONVERSION = YES;
				CLANG_WARN_INFINITE_RECURSION = YES;
				CLANG_WARN_INT_CONVERSION = YES;
				CLANG_WARN_NON_LITERAL_NULL_CONVERSION = YES;
				CLANG_WARN_OBJC_IMPLICIT_RETAIN_SELF = YES;
				CLANG_WARN_OBJC_LITERAL_CONVERSION = YES;
				CLANG_WARN_OBJC_ROOT_CLASS = YES_ERROR;
				CLANG_WARN_QUOTED_INCLUDE_IN_FRAMEWORK_HEADER = YES;
				CLANG_WARN_RANGE_LOOP_ANALYSIS = YES;
				CLANG_WARN_STRICT_PROTOTYPES = YES;
				CLANG_WARN_SUSPICIOUS_MOVE = YES;
				CLANG_WARN_UNGUARDED_AVAILABILITY = YES_AGGRESSIVE;
				CLANG_WARN_UNREACHABLE_CODE = YES;
				CLANG_WARN__DUPLICATE_METHOD_MATCH = YES;
				COPY_PHASE_STRIP = NO;
				DEBUG_INFORMATION_FORMAT = dwarf;
				ENABLE_STRICT_OBJC_MSGSEND = YES;
				ENABLE_TESTABILITY = YES;
				GCC_C_LANGUAGE_STANDARD = gnu11;
				GCC_DYNAMIC_NO_PIC = NO;
				GCC_NO_COMMON_BLOCKS = YES;
				GCC_OPTIMIZATION_LEVEL = 0;
				GCC_PREPROCESSOR_DEFINITIONS = (
					"DEBUG=1",
					"$(inherited)",
				);
				GCC_WARN_64_TO_32_BIT_CONVERSION = YES;
				GCC_WARN_ABOUT_RETURN_TYPE = YES_ERROR;
				GCC_WARN_UNDECLARED_SELECTOR = YES;
				GCC_WARN_UNINITIALIZED_AUTOS = YES_AGGRESSIVE;
				GCC_WARN_UNUSED_FUNCTION = YES;
				GCC_WARN_UNUSED_VARIABLE = YES;
				IPHONEOS_DEPLOYMENT_TARGET = 15.0;
				MTL_ENABLE_DEBUG_INFO = INCLUDE_SOURCE;
				MTL_FAST_MATH = YES;
				ONLY_ACTIVE_ARCH = YES;
				SDKROOT = iphoneos;
				SWIFT_ACTIVE_COMPILATION_CONDITIONS = DEBUG;
				SWIFT_OPTIMIZATION_LEVEL = "-Onone";
			};
			name = Debug;
		};
		4C9485A72839DEB200CDD450 /* Release */ = {
			isa = XCBuildConfiguration;
			buildSettings = {
				ALWAYS_SEARCH_USER_PATHS = NO;
				CLANG_ANALYZER_NONNULL = YES;
				CLANG_ANALYZER_NUMBER_OBJECT_CONVERSION = YES_AGGRESSIVE;
				CLANG_CXX_LANGUAGE_STANDARD = "gnu++17";
				CLANG_CXX_LIBRARY = "libc++";
				CLANG_ENABLE_MODULES = YES;
				CLANG_ENABLE_OBJC_ARC = YES;
				CLANG_ENABLE_OBJC_WEAK = YES;
				CLANG_WARN_BLOCK_CAPTURE_AUTORELEASING = YES;
				CLANG_WARN_BOOL_CONVERSION = YES;
				CLANG_WARN_COMMA = YES;
				CLANG_WARN_CONSTANT_CONVERSION = YES;
				CLANG_WARN_DEPRECATED_OBJC_IMPLEMENTATIONS = YES;
				CLANG_WARN_DIRECT_OBJC_ISA_USAGE = YES_ERROR;
				CLANG_WARN_DOCUMENTATION_COMMENTS = YES;
				CLANG_WARN_EMPTY_BODY = YES;
				CLANG_WARN_ENUM_CONVERSION = YES;
				CLANG_WARN_INFINITE_RECURSION = YES;
				CLANG_WARN_INT_CONVERSION = YES;
				CLANG_WARN_NON_LITERAL_NULL_CONVERSION = YES;
				CLANG_WARN_OBJC_IMPLICIT_RETAIN_SELF = YES;
				CLANG_WARN_OBJC_LITERAL_CONVERSION = YES;
				CLANG_WARN_OBJC_ROOT_CLASS = YES_ERROR;
				CLANG_WARN_QUOTED_INCLUDE_IN_FRAMEWORK_HEADER = YES;
				CLANG_WARN_RANGE_LOOP_ANALYSIS = YES;
				CLANG_WARN_STRICT_PROTOTYPES = YES;
				CLANG_WARN_SUSPICIOUS_MOVE = YES;
				CLANG_WARN_UNGUARDED_AVAILABILITY = YES_AGGRESSIVE;
				CLANG_WARN_UNREACHABLE_CODE = YES;
				CLANG_WARN__DUPLICATE_METHOD_MATCH = YES;
				COPY_PHASE_STRIP = NO;
				DEBUG_INFORMATION_FORMAT = "dwarf-with-dsym";
				ENABLE_NS_ASSERTIONS = NO;
				ENABLE_STRICT_OBJC_MSGSEND = YES;
				GCC_C_LANGUAGE_STANDARD = gnu11;
				GCC_NO_COMMON_BLOCKS = YES;
				GCC_WARN_64_TO_32_BIT_CONVERSION = YES;
				GCC_WARN_ABOUT_RETURN_TYPE = YES_ERROR;
				GCC_WARN_UNDECLARED_SELECTOR = YES;
				GCC_WARN_UNINITIALIZED_AUTOS = YES_AGGRESSIVE;
				GCC_WARN_UNUSED_FUNCTION = YES;
				GCC_WARN_UNUSED_VARIABLE = YES;
				IPHONEOS_DEPLOYMENT_TARGET = 15.0;
				MTL_ENABLE_DEBUG_INFO = NO;
				MTL_FAST_MATH = YES;
				SDKROOT = iphoneos;
				SWIFT_COMPILATION_MODE = wholemodule;
				SWIFT_OPTIMIZATION_LEVEL = "-O";
				VALIDATE_PRODUCT = YES;
			};
			name = Release;
		};
		4C9485A92839DEB200CDD450 /* Debug */ = {
			isa = XCBuildConfiguration;
			buildSettings = {
				ASSETCATALOG_COMPILER_APPICON_NAME = AppIcon;
				ASSETCATALOG_COMPILER_GLOBAL_ACCENT_COLOR_NAME = AccentColor;
				CODE_SIGN_STYLE = Automatic;
				CURRENT_PROJECT_VERSION = 1;
				DEVELOPMENT_ASSET_PATHS = "\"MegaMap/Preview Content\"";
				DEVELOPMENT_TEAM = 7TQTLUZ395;
				ENABLE_PREVIEWS = YES;
				GENERATE_INFOPLIST_FILE = YES;
				INFOPLIST_KEY_NSLocationWhenInUseUsageDescription = "Location pls";
				INFOPLIST_KEY_UIApplicationSceneManifest_Generation = YES;
				INFOPLIST_KEY_UIApplicationSupportsIndirectInputEvents = YES;
				INFOPLIST_KEY_UILaunchScreen_Generation = YES;
				INFOPLIST_KEY_UISupportedInterfaceOrientations_iPad = "UIInterfaceOrientationPortrait UIInterfaceOrientationPortraitUpsideDown UIInterfaceOrientationLandscapeLeft UIInterfaceOrientationLandscapeRight";
				INFOPLIST_KEY_UISupportedInterfaceOrientations_iPhone = "UIInterfaceOrientationPortrait UIInterfaceOrientationLandscapeLeft UIInterfaceOrientationLandscapeRight";
				LD_RUNPATH_SEARCH_PATHS = (
					"$(inherited)",
					"@executable_path/Frameworks",
				);
				MARKETING_VERSION = 1.0;
				PRODUCT_BUNDLE_IDENTIFIER = com.stuff.MegaMap;
				PRODUCT_NAME = "$(TARGET_NAME)";
				SWIFT_EMIT_LOC_STRINGS = YES;
				SWIFT_VERSION = 5.0;
				TARGETED_DEVICE_FAMILY = "1,2";
			};
			name = Debug;
		};
		4C9485AA2839DEB200CDD450 /* Release */ = {
			isa = XCBuildConfiguration;
			buildSettings = {
				ASSETCATALOG_COMPILER_APPICON_NAME = AppIcon;
				ASSETCATALOG_COMPILER_GLOBAL_ACCENT_COLOR_NAME = AccentColor;
				CODE_SIGN_STYLE = Automatic;
				CURRENT_PROJECT_VERSION = 1;
				DEVELOPMENT_ASSET_PATHS = "\"MegaMap/Preview Content\"";
				DEVELOPMENT_TEAM = 7TQTLUZ395;
				ENABLE_PREVIEWS = YES;
				GENERATE_INFOPLIST_FILE = YES;
				INFOPLIST_KEY_NSLocationWhenInUseUsageDescription = "Location pls";
				INFOPLIST_KEY_UIApplicationSceneManifest_Generation = YES;
				INFOPLIST_KEY_UIApplicationSupportsIndirectInputEvents = YES;
				INFOPLIST_KEY_UILaunchScreen_Generation = YES;
				INFOPLIST_KEY_UISupportedInterfaceOrientations_iPad = "UIInterfaceOrientationPortrait UIInterfaceOrientationPortraitUpsideDown UIInterfaceOrientationLandscapeLeft UIInterfaceOrientationLandscapeRight";
				INFOPLIST_KEY_UISupportedInterfaceOrientations_iPhone = "UIInterfaceOrientationPortrait UIInterfaceOrientationLandscapeLeft UIInterfaceOrientationLandscapeRight";
				LD_RUNPATH_SEARCH_PATHS = (
					"$(inherited)",
					"@executable_path/Frameworks",
				);
				MARKETING_VERSION = 1.0;
				PRODUCT_BUNDLE_IDENTIFIER = com.stuff.MegaMap;
				PRODUCT_NAME = "$(TARGET_NAME)";
				SWIFT_EMIT_LOC_STRINGS = YES;
				SWIFT_VERSION = 5.0;
				TARGETED_DEVICE_FAMILY = "1,2";
			};
			name = Release;
		};
		4C9485AC2839DEB200CDD450 /* Debug */ = {
			isa = XCBuildConfiguration;
			buildSettings = {
				ALWAYS_EMBED_SWIFT_STANDARD_LIBRARIES = YES;
				BUNDLE_LOADER = "$(TEST_HOST)";
				CODE_SIGN_STYLE = Automatic;
				CURRENT_PROJECT_VERSION = 1;
				DEVELOPMENT_TEAM = 7TQTLUZ395;
				GENERATE_INFOPLIST_FILE = YES;
				IPHONEOS_DEPLOYMENT_TARGET = 15.0;
				LD_RUNPATH_SEARCH_PATHS = (
					"$(inherited)",
					"@executable_path/Frameworks",
					"@loader_path/Frameworks",
				);
				MARKETING_VERSION = 1.0;
				PRODUCT_BUNDLE_IDENTIFIER = com.stuff.MegaMapTests;
				PRODUCT_NAME = "$(TARGET_NAME)";
				SWIFT_EMIT_LOC_STRINGS = NO;
				SWIFT_VERSION = 5.0;
				TARGETED_DEVICE_FAMILY = "1,2";
				TEST_HOST = "$(BUILT_PRODUCTS_DIR)/MegaMap.app/MegaMap";
			};
			name = Debug;
		};
		4C9485AD2839DEB200CDD450 /* Release */ = {
			isa = XCBuildConfiguration;
			buildSettings = {
				ALWAYS_EMBED_SWIFT_STANDARD_LIBRARIES = YES;
				BUNDLE_LOADER = "$(TEST_HOST)";
				CODE_SIGN_STYLE = Automatic;
				CURRENT_PROJECT_VERSION = 1;
				DEVELOPMENT_TEAM = 7TQTLUZ395;
				GENERATE_INFOPLIST_FILE = YES;
				IPHONEOS_DEPLOYMENT_TARGET = 15.0;
				LD_RUNPATH_SEARCH_PATHS = (
					"$(inherited)",
					"@executable_path/Frameworks",
					"@loader_path/Frameworks",
				);
				MARKETING_VERSION = 1.0;
				PRODUCT_BUNDLE_IDENTIFIER = com.stuff.MegaMapTests;
				PRODUCT_NAME = "$(TARGET_NAME)";
				SWIFT_EMIT_LOC_STRINGS = NO;
				SWIFT_VERSION = 5.0;
				TARGETED_DEVICE_FAMILY = "1,2";
				TEST_HOST = "$(BUILT_PRODUCTS_DIR)/MegaMap.app/MegaMap";
			};
			name = Release;
		};
		4C9485AF2839DEB200CDD450 /* Debug */ = {
			isa = XCBuildConfiguration;
			buildSettings = {
				ALWAYS_EMBED_SWIFT_STANDARD_LIBRARIES = YES;
				CODE_SIGN_STYLE = Automatic;
				CURRENT_PROJECT_VERSION = 1;
				DEVELOPMENT_TEAM = 7TQTLUZ395;
				GENERATE_INFOPLIST_FILE = YES;
				LD_RUNPATH_SEARCH_PATHS = (
					"$(inherited)",
					"@executable_path/Frameworks",
					"@loader_path/Frameworks",
				);
				MARKETING_VERSION = 1.0;
				PRODUCT_BUNDLE_IDENTIFIER = com.stuff.MegaMapUITests;
				PRODUCT_NAME = "$(TARGET_NAME)";
				SWIFT_EMIT_LOC_STRINGS = NO;
				SWIFT_VERSION = 5.0;
				TARGETED_DEVICE_FAMILY = "1,2";
				TEST_TARGET_NAME = MegaMap;
			};
			name = Debug;
		};
		4C9485B02839DEB200CDD450 /* Release */ = {
			isa = XCBuildConfiguration;
			buildSettings = {
				ALWAYS_EMBED_SWIFT_STANDARD_LIBRARIES = YES;
				CODE_SIGN_STYLE = Automatic;
				CURRENT_PROJECT_VERSION = 1;
				DEVELOPMENT_TEAM = 7TQTLUZ395;
				GENERATE_INFOPLIST_FILE = YES;
				LD_RUNPATH_SEARCH_PATHS = (
					"$(inherited)",
					"@executable_path/Frameworks",
					"@loader_path/Frameworks",
				);
				MARKETING_VERSION = 1.0;
				PRODUCT_BUNDLE_IDENTIFIER = com.stuff.MegaMapUITests;
				PRODUCT_NAME = "$(TARGET_NAME)";
				SWIFT_EMIT_LOC_STRINGS = NO;
				SWIFT_VERSION = 5.0;
				TARGETED_DEVICE_FAMILY = "1,2";
				TEST_TARGET_NAME = MegaMap;
			};
			name = Release;
		};
/* End XCBuildConfiguration section */

/* Begin XCConfigurationList section */
		4C94857F2839DEAE00CDD450 /* Build configuration list for PBXProject "MegaMap" */ = {
			isa = XCConfigurationList;
			buildConfigurations = (
				4C9485A62839DEB200CDD450 /* Debug */,
				4C9485A72839DEB200CDD450 /* Release */,
			);
			defaultConfigurationIsVisible = 0;
			defaultConfigurationName = Release;
		};
		4C9485A82839DEB200CDD450 /* Build configuration list for PBXNativeTarget "MegaMap" */ = {
			isa = XCConfigurationList;
			buildConfigurations = (
				4C9485A92839DEB200CDD450 /* Debug */,
				4C9485AA2839DEB200CDD450 /* Release */,
			);
			defaultConfigurationIsVisible = 0;
			defaultConfigurationName = Release;
		};
		4C9485AB2839DEB200CDD450 /* Build configuration list for PBXNativeTarget "MegaMapTests" */ = {
			isa = XCConfigurationList;
			buildConfigurations = (
				4C9485AC2839DEB200CDD450 /* Debug */,
				4C9485AD2839DEB200CDD450 /* Release */,
			);
			defaultConfigurationIsVisible = 0;
			defaultConfigurationName = Release;
		};
		4C9485AE2839DEB200CDD450 /* Build configuration list for PBXNativeTarget "MegaMapUITests" */ = {
			isa = XCConfigurationList;
			buildConfigurations = (
				4C9485AF2839DEB200CDD450 /* Debug */,
				4C9485B02839DEB200CDD450 /* Release */,
			);
			defaultConfigurationIsVisible = 0;
			defaultConfigurationName = Release;
		};
/* End XCConfigurationList section */
	};
	rootObject = 4C94857C2839DEAE00CDD450 /* Project object */;
}
